
Microsoft Visual Studio Solution File, Format Version 12.00
# Visual Studio Version 17
VisualStudioVersion = 17.5.002.0
MinimumVisualStudioVersion = 10.0.40219.1
Project("{9A19103F-16F7-4668-BE54-9A1E7A4F7556}") = "S3EventHandler", "S3EventHandler.csproj", "{AD1F95FA-6D56-4946-A760-4CBFEECB56EB}"
EndProject
Global
	GlobalSection(SolutionConfigurationPlatforms) = preSolution
		Debug|Any CPU = Debug|Any CPU
		Release|Any CPU = Release|Any CPU
	EndGlobalSection
	GlobalSection(ProjectConfigurationPlatforms) = postSolution
		{AD1F95FA-6D56-4946-A760-4CBFEECB56EB}.Debug|Any CPU.ActiveCfg = Debug|Any CPU
		{AD1F95FA-6D56-4946-A760-4CBFEECB56EB}.Debug|Any CPU.Build.0 = Debug|Any CPU
		{AD1F95FA-6D56-4946-A760-4CBFEECB56EB}.Release|Any CPU.ActiveCfg = Release|Any CPU
		{AD1F95FA-6D56-4946-A760-4CBFEECB56EB}.Release|Any CPU.Build.0 = Release|Any CPU
	EndGlobalSection
	GlobalSection(SolutionProperties) = preSolution
		HideSolutionNode = FALSE
	EndGlobalSection
	GlobalSection(ExtensibilityGlobals) = postSolution
		SolutionGuid = {151FE64B-9E91-4D44-A00C-7C850B549762}
	EndGlobalSection
EndGlobal
